
Microsoft Visual Studio Solution File, Format Version 12.00
# Visual Studio Version 17
VisualStudioVersion = 17.10.34916.146
MinimumVisualStudioVersion = 10.0.40219.1
Project("{FAE04EC0-301F-11D3-BF4B-00C04F79EFBC}") = "ShapeCalcConsole", "ShapeCalcConsole\ShapeCalcConsole.csproj", "{47537515-9F35-4C89-A099-D3400AA77048}"
EndProject
Project("{FAE04EC0-301F-11D3-BF4B-00C04F79EFBC}") = "ShapeCalcLib", "ShapeCalcLib\ShapeCalcLib.csproj", "{21D4F271-67BE-4B6F-8DC9-746B14D75109}"
EndProject
Project("{FAE04EC0-301F-11D3-BF4B-00C04F79EFBC}") = "ShapeCalcTests", "ShapeCalcTests\ShapeCalcTests.csproj", "{5CB9E6DD-1A2B-4151-8CF8-11662DFB1A2F}"
EndProject
Global
	GlobalSection(SolutionConfigurationPlatforms) = preSolution
		Debug|Any CPU = Debug|Any CPU
		Release|Any CPU = Release|Any CPU
	EndGlobalSection
	GlobalSection(ProjectConfigurationPlatforms) = postSolution
		{47537515-9F35-4C89-A099-D3400AA77048}.Debug|Any CPU.ActiveCfg = Debug|Any CPU
		{47537515-9F35-4C89-A099-D3400AA77048}.Debug|Any CPU.Build.0 = Debug|Any CPU
		{47537515-9F35-4C89-A099-D3400AA77048}.Release|Any CPU.ActiveCfg = Release|Any CPU
		{47537515-9F35-4C89-A099-D3400AA77048}.Release|Any CPU.Build.0 = Release|Any CPU
		{21D4F271-67BE-4B6F-8DC9-746B14D75109}.Debug|Any CPU.ActiveCfg = Debug|Any CPU
		{21D4F271-67BE-4B6F-8DC9-746B14D75109}.Debug|Any CPU.Build.0 = Debug|Any CPU
		{21D4F271-67BE-4B6F-8DC9-746B14D75109}.Release|Any CPU.ActiveCfg = Release|Any CPU
		{21D4F271-67BE-4B6F-8DC9-746B14D75109}.Release|Any CPU.Build.0 = Release|Any CPU
		{5CB9E6DD-1A2B-4151-8CF8-11662DFB1A2F}.Debug|Any CPU.ActiveCfg = Debug|Any CPU
		{5CB9E6DD-1A2B-4151-8CF8-11662DFB1A2F}.Debug|Any CPU.Build.0 = Debug|Any CPU
		{5CB9E6DD-1A2B-4151-8CF8-11662DFB1A2F}.Release|Any CPU.ActiveCfg = Release|Any CPU
		{5CB9E6DD-1A2B-4151-8CF8-11662DFB1A2F}.Release|Any CPU.Build.0 = Release|Any CPU
	EndGlobalSection
	GlobalSection(SolutionProperties) = preSolution
		HideSolutionNode = FALSE
	EndGlobalSection
	GlobalSection(ExtensibilityGlobals) = postSolution
		SolutionGuid = {67B1A5DD-9EB0-43A2-BE36-ED8460C70974}
	EndGlobalSection
EndGlobal
